
Microsoft Visual Studio Solution File, Format Version 12.00
# Visual Studio Version 16
VisualStudioVersion = 16.0.31402.337
MinimumVisualStudioVersion = 10.0.40219.1
Project("{FAE04EC0-301F-11D3-BF4B-00C04F79EFBC}") = "index", "index\index.csproj", "{8B1034A7-B71D-4788-811F-8C641A7E473A}"
EndProject
Global
	GlobalSection(SolutionConfigurationPlatforms) = preSolution
		Debug|Any CPU = Debug|Any CPU
		Release|Any CPU = Release|Any CPU
	EndGlobalSection
	GlobalSection(ProjectConfigurationPlatforms) = postSolution
		{8B1034A7-B71D-4788-811F-8C641A7E473A}.Debug|Any CPU.ActiveCfg = Debug|Any CPU
		{8B1034A7-B71D-4788-811F-8C641A7E473A}.Debug|Any CPU.Build.0 = Debug|Any CPU
		{8B1034A7-B71D-4788-811F-8C641A7E473A}.Release|Any CPU.ActiveCfg = Release|Any CPU
		{8B1034A7-B71D-4788-811F-8C641A7E473A}.Release|Any CPU.Build.0 = Release|Any CPU
	EndGlobalSection
	GlobalSection(SolutionProperties) = preSolution
		HideSolutionNode = FALSE
	EndGlobalSection
	GlobalSection(ExtensibilityGlobals) = postSolution
		SolutionGuid = {798CB678-F7D4-4159-AAF9-8856DCD843ED}
	EndGlobalSection
EndGlobal
